
Microsoft Visual Studio Solution File, Format Version 12.00
# Visual Studio 15
VisualStudioVersion = 15.0.28307.329
MinimumVisualStudioVersion = 10.0.40219.1
Project("{FAE04EC0-301F-11D3-BF4B-00C04F79EFBC}") = "MVCDemo", "MVCDemo\MVCDemo.csproj", "{6BD9EB06-87CB-4FED-AFD3-6A38286AD982}"
EndProject
Global
	GlobalSection(SolutionConfigurationPlatforms) = preSolution
		Debug|Any CPU = Debug|Any CPU
		Release|Any CPU = Release|Any CPU
	EndGlobalSection
	GlobalSection(ProjectConfigurationPlatforms) = postSolution
		{6BD9EB06-87CB-4FED-AFD3-6A38286AD982}.Debug|Any CPU.ActiveCfg = Debug|Any CPU
		{6BD9EB06-87CB-4FED-AFD3-6A38286AD982}.Debug|Any CPU.Build.0 = Debug|Any CPU
		{6BD9EB06-87CB-4FED-AFD3-6A38286AD982}.Release|Any CPU.ActiveCfg = Release|Any CPU
		{6BD9EB06-87CB-4FED-AFD3-6A38286AD982}.Release|Any CPU.Build.0 = Release|Any CPU
	EndGlobalSection
	GlobalSection(SolutionProperties) = preSolution
		HideSolutionNode = FALSE
	EndGlobalSection
	GlobalSection(ExtensibilityGlobals) = postSolution
		SolutionGuid = {FCE30BF6-B0DF-469D-ADF1-F264F49E4E92}
	EndGlobalSection
EndGlobal
